// !$*UTF8*$!
{
	archiveVersion = 1;
	classes = {
	};
	objectVersion = 55;
	objects = {

/* Begin PBXBuildFile section */
		BF5B82BC27D1E97F00387B9B /* AllListsViewController.swift in Sources */ = {isa = PBXBuildFile; fileRef = BF5B82BB27D1E97F00387B9B /* AllListsViewController.swift */; };
		BF5B82BE27D1EF5F00387B9B /* Checklist.swift in Sources */ = {isa = PBXBuildFile; fileRef = BF5B82BD27D1EF5F00387B9B /* Checklist.swift */; };
		BF5B82C027D1F64F00387B9B /* ListDetailViewController.swift in Sources */ = {isa = PBXBuildFile; fileRef = BF5B82BF27D1F64F00387B9B /* ListDetailViewController.swift */; };
		BF9E5C2827D713D000D63332 /* DataModel.swift in Sources */ = {isa = PBXBuildFile; fileRef = BF9E5C2727D713D000D63332 /* DataModel.swift */; };
		BFB1E27E27E2EC4700C0D659 /* IconPickerViewController.swift in Sources */ = {isa = PBXBuildFile; fileRef = BFB1E27D27E2EC4700C0D659 /* IconPickerViewController.swift */; };
		BFD5B4FD27CDDB6A000BF617 /* ChecklistItem.swift in Sources */ = {isa = PBXBuildFile; fileRef = BFD5B4FC27CDDB6A000BF617 /* ChecklistItem.swift */; };
		BFD5B4FF27CDF7EB000BF617 /* ItemDetailViewController.swift in Sources */ = {isa = PBXBuildFile; fileRef = BFD5B4FE27CDF7EB000BF617 /* ItemDetailViewController.swift */; };
		BFDF06C027CC99C40081D021 /* AppDelegate.swift in Sources */ = {isa = PBXBuildFile; fileRef = BFDF06BF27CC99C40081D021 /* AppDelegate.swift */; };
		BFDF06C227CC99C40081D021 /* SceneDelegate.swift in Sources */ = {isa = PBXBuildFile; fileRef = BFDF06C127CC99C40081D021 /* SceneDelegate.swift */; };
		BFDF06C427CC99C40081D021 /* ChecklistViewController.swift in Sources */ = {isa = PBXBuildFile; fileRef = BFDF06C327CC99C40081D021 /* ChecklistViewController.swift */; };
		BFDF06C727CC99C40081D021 /* Main.storyboard in Resources */ = {isa = PBXBuildFile; fileRef = BFDF06C527CC99C40081D021 /* Main.storyboard */; };
		BFDF06C927CC99C40081D021 /* Assets.xcassets in Resources */ = {isa = PBXBuildFile; fileRef = BFDF06C827CC99C40081D021 /* Assets.xcassets */; };
		BFDF06CC27CC99C40081D021 /* LaunchScreen.storyboard in Resources */ = {isa = PBXBuildFile; fileRef = BFDF06CA27CC99C40081D021 /* LaunchScreen.storyboard */; };
/* End PBXBuildFile section */

/* Begin PBXFileReference section */
		BF5B82BB27D1E97F00387B9B /* AllListsViewController.swift */ = {isa = PBXFileReference; lastKnownFileType = sourcecode.swift; path = AllListsViewController.swift; sourceTree = "<group>"; };
		BF5B82BD27D1EF5F00387B9B /* Checklist.swift */ = {isa = PBXFileReference; lastKnownFileType = sourcecode.swift; path = Checklist.swift; sourceTree = "<group>"; };
		BF5B82BF27D1F64F00387B9B /* ListDetailViewController.swift */ = {isa = PBXFileReference; lastKnownFileType = sourcecode.swift; path = ListDetailViewController.swift; sourceTree = "<group>"; };
		BF9E5C2727D713D000D63332 /* DataModel.swift */ = {isa = PBXFileReference; lastKnownFileType = sourcecode.swift; path = DataModel.swift; sourceTree = "<group>"; };
		BFB1E27D27E2EC4700C0D659 /* IconPickerViewController.swift */ = {isa = PBXFileReference; lastKnownFileType = sourcecode.swift; path = IconPickerViewController.swift; sourceTree = "<group>"; };
		BFD5B4FC27CDDB6A000BF617 /* ChecklistItem.swift */ = {isa = PBXFileReference; lastKnownFileType = sourcecode.swift; path = ChecklistItem.swift; sourceTree = "<group>"; };
		BFD5B4FE27CDF7EB000BF617 /* ItemDetailViewController.swift */ = {isa = PBXFileReference; lastKnownFileType = sourcecode.swift; path = ItemDetailViewController.swift; sourceTree = "<group>"; };
		BFDF06BC27CC99C40081D021 /* Checklists.app */ = {isa = PBXFileReference; explicitFileType = wrapper.application; includeInIndex = 0; path = Checklists.app; sourceTree = BUILT_PRODUCTS_DIR; };
		BFDF06BF27CC99C40081D021 /* AppDelegate.swift */ = {isa = PBXFileReference; lastKnownFileType = sourcecode.swift; path = AppDelegate.swift; sourceTree = "<group>"; };
		BFDF06C127CC99C40081D021 /* SceneDelegate.swift */ = {isa = PBXFileReference; lastKnownFileType = sourcecode.swift; path = SceneDelegate.swift; sourceTree = "<group>"; };
		BFDF06C327CC99C40081D021 /* ChecklistViewController.swift */ = {isa = PBXFileReference; lastKnownFileType = sourcecode.swift; path = ChecklistViewController.swift; sourceTree = "<group>"; };
		BFDF06C627CC99C40081D021 /* Base */ = {isa = PBXFileReference; lastKnownFileType = file.storyboard; name = Base; path = Base.lproj/Main.storyboard; sourceTree = "<group>"; };
		BFDF06C827CC99C40081D021 /* Assets.xcassets */ = {isa = PBXFileReference; lastKnownFileType = folder.assetcatalog; path = Assets.xcassets; sourceTree = "<group>"; };
		BFDF06CB27CC99C40081D021 /* Base */ = {isa = PBXFileReference; lastKnownFileType = file.storyboard; name = Base; path = Base.lproj/LaunchScreen.storyboard; sourceTree = "<group>"; };
		BFDF06CD27CC99C40081D021 /* Info.plist */ = {isa = PBXFileReference; lastKnownFileType = text.plist.xml; path = Info.plist; sourceTree = "<group>"; };
/* End PBXFileReference section */

/* Begin PBXFrameworksBuildPhase section */
		BFDF06B927CC99C40081D021 /* Frameworks */ = {
			isa = PBXFrameworksBuildPhase;
			buildActionMask = 2147483647;
			files = (
			);
			runOnlyForDeploymentPostprocessing = 0;
		};
/* End PBXFrameworksBuildPhase section */

/* Begin PBXGroup section */
		BF60DD3427D8616800F52E75 /* Data Model */ = {
			isa = PBXGroup;
			children = (
				BF5B82BD27D1EF5F00387B9B /* Checklist.swift */,
				BFD5B4FC27CDDB6A000BF617 /* ChecklistItem.swift */,
				BF9E5C2727D713D000D63332 /* DataModel.swift */,
			);
			path = "Data Model";
			sourceTree = "<group>";
		};
		BF60DD3527D8617A00F52E75 /* ViewController */ = {
			isa = PBXGroup;
			children = (
				BF5B82BB27D1E97F00387B9B /* AllListsViewController.swift */,
				BF5B82BF27D1F64F00387B9B /* ListDetailViewController.swift */,
				BFDF06C327CC99C40081D021 /* ChecklistViewController.swift */,
				BFD5B4FE27CDF7EB000BF617 /* ItemDetailViewController.swift */,
				BFB1E27D27E2EC4700C0D659 /* IconPickerViewController.swift */,
			);
			path = ViewController;
			sourceTree = "<group>";
		};
		BFDF06B327CC99C40081D021 = {
			isa = PBXGroup;
			children = (
				BFDF06BE27CC99C40081D021 /* Checklists */,
				BFDF06BD27CC99C40081D021 /* Products */,
			);
			sourceTree = "<group>";
		};
		BFDF06BD27CC99C40081D021 /* Products */ = {
			isa = PBXGroup;
			children = (
				BFDF06BC27CC99C40081D021 /* Checklists.app */,
			);
			name = Products;
			sourceTree = "<group>";
		};
		BFDF06BE27CC99C40081D021 /* Checklists */ = {
			isa = PBXGroup;
			children = (
				BFDF06BF27CC99C40081D021 /* AppDelegate.swift */,
				BFDF06C127CC99C40081D021 /* SceneDelegate.swift */,
				BF60DD3527D8617A00F52E75 /* ViewController */,
				BFDF06C527CC99C40081D021 /* Main.storyboard */,
				BF60DD3427D8616800F52E75 /* Data Model */,
				BFDF06C827CC99C40081D021 /* Assets.xcassets */,
				BFDF06CA27CC99C40081D021 /* LaunchScreen.storyboard */,
				BFDF06CD27CC99C40081D021 /* Info.plist */,
			);
			path = Checklists;
			sourceTree = "<group>";
		};
/* End PBXGroup section */

/* Begin PBXNativeTarget section */
		BFDF06BB27CC99C40081D021 /* Checklists */ = {
			isa = PBXNativeTarget;
			buildConfigurationList = BFDF06D027CC99C40081D021 /* Build configuration list for PBXNativeTarget "Checklists" */;
			buildPhases = (
				BFDF06B827CC99C40081D021 /* Sources */,
				BFDF06B927CC99C40081D021 /* Frameworks */,
				BFDF06BA27CC99C40081D021 /* Resources */,
			);
			buildRules = (
			);
			dependencies = (
			);
			name = Checklists;
			productName = Checklists;
			productReference = BFDF06BC27CC99C40081D021 /* Checklists.app */;
			productType = "com.apple.product-type.application";
		};
/* End PBXNativeTarget section */

/* Begin PBXProject section */
		BFDF06B427CC99C40081D021 /* Project object */ = {
			isa = PBXProject;
			attributes = {
				BuildIndependentTargetsInParallel = 1;
				LastSwiftUpdateCheck = 1320;
				LastUpgradeCheck = 1320;
				TargetAttributes = {
					BFDF06BB27CC99C40081D021 = {
						CreatedOnToolsVersion = 13.2.1;
					};
				};
			};
			buildConfigurationList = BFDF06B727CC99C40081D021 /* Build configuration list for PBXProject "Checklists" */;
			compatibilityVersion = "Xcode 13.0";
			developmentRegion = en;
			hasScannedForEncodings = 0;
			knownRegions = (
				en,
				Base,
			);
			mainGroup = BFDF06B327CC99C40081D021;
			productRefGroup = BFDF06BD27CC99C40081D021 /* Products */;
			projectDirPath = "";
			projectRoot = "";
			targets = (
				BFDF06BB27CC99C40081D021 /* Checklists */,
			);
		};
/* End PBXProject section */

/* Begin PBXResourcesBuildPhase section */
		BFDF06BA27CC99C40081D021 /* Resources */ = {
			isa = PBXResourcesBuildPhase;
			buildActionMask = 2147483647;
			files = (
				BFDF06CC27CC99C40081D021 /* LaunchScreen.storyboard in Resources */,
				BFDF06C927CC99C40081D021 /* Assets.xcassets in Resources */,
				BFDF06C727CC99C40081D021 /* Main.storyboard in Resources */,
			);
			runOnlyForDeploymentPostprocessing = 0;
		};
/* End PBXResourcesBuildPhase section */

/* Begin PBXSourcesBuildPhase section */
		BFDF06B827CC99C40081D021 /* Sources */ = {
			isa = PBXSourcesBuildPhase;
			buildActionMask = 2147483647;
			files = (
				BFD5B4FF27CDF7EB000BF617 /* ItemDetailViewController.swift in Sources */,
				BFDF06C427CC99C40081D021 /* ChecklistViewController.swift in Sources */,
				BF5B82BC27D1E97F00387B9B /* AllListsViewController.swift in Sources */,
				BFB1E27E27E2EC4700C0D659 /* IconPickerViewController.swift in Sources */,
				BFDF06C027CC99C40081D021 /* AppDelegate.swift in Sources */,
				BFDF06C227CC99C40081D021 /* SceneDelegate.swift in Sources */,
				BFD5B4FD27CDDB6A000BF617 /* ChecklistItem.swift in Sources */,
				BF5B82BE27D1EF5F00387B9B /* Checklist.swift in Sources */,
				BF5B82C027D1F64F00387B9B /* ListDetailViewController.swift in Sources */,
				BF9E5C2827D713D000D63332 /* DataModel.swift in Sources */,
			);
			runOnlyForDeploymentPostprocessing = 0;
		};
/* End PBXSourcesBuildPhase section */

/* Begin PBXVariantGroup section */
		BFDF06C527CC99C40081D021 /* Main.storyboard */ = {
			isa = PBXVariantGroup;
			children = (
				BFDF06C627CC99C40081D021 /* Base */,
			);
			name = Main.storyboard;
			sourceTree = "<group>";
		};
		BFDF06CA27CC99C40081D021 /* LaunchScreen.storyboard */ = {
			isa = PBXVariantGroup;
			children = (
				BFDF06CB27CC99C40081D021 /* Base */,
			);
			name = LaunchScreen.storyboard;
			sourceTree = "<group>";
		};
/* End PBXVariantGroup section */

/* Begin XCBuildConfiguration section */
		BFDF06CE27CC99C40081D021 /* Debug */ = {
			isa = XCBuildConfiguration;
			buildSettings = {
				ALWAYS_SEARCH_USER_PATHS = NO;
				CLANG_ANALYZER_NONNULL = YES;
				CLANG_ANALYZER_NUMBER_OBJECT_CONVERSION = YES_AGGRESSIVE;
				CLANG_CXX_LANGUAGE_STANDARD = "gnu++17";
				CLANG_CXX_LIBRARY = "libc++";
				CLANG_ENABLE_MODULES = YES;
				CLANG_ENABLE_OBJC_ARC = YES;
				CLANG_ENABLE_OBJC_WEAK = YES;
				CLANG_WARN_BLOCK_CAPTURE_AUTORELEASING = YES;
				CLANG_WARN_BOOL_CONVERSION = YES;
				CLANG_WARN_COMMA = YES;
				CLANG_WARN_CONSTANT_CONVERSION = YES;
				CLANG_WARN_DEPRECATED_OBJC_IMPLEMENTATIONS = YES;
				CLANG_WARN_DIRECT_OBJC_ISA_USAGE = YES_ERROR;
				CLANG_WARN_DOCUMENTATION_COMMENTS = YES;
				CLANG_WARN_EMPTY_BODY = YES;
				CLANG_WARN_ENUM_CONVERSION = YES;
				CLANG_WARN_INFINITE_RECURSION = YES;
				CLANG_WARN_INT_CONVERSION = YES;
				CLANG_WARN_NON_LITERAL_NULL_CONVERSION = YES;
				CLANG_WARN_OBJC_IMPLICIT_RETAIN_SELF = YES;
				CLANG_WARN_OBJC_LITERAL_CONVERSION = YES;
				CLANG_WARN_OBJC_ROOT_CLASS = YES_ERROR;
				CLANG_WARN_QUOTED_INCLUDE_IN_FRAMEWORK_HEADER = YES;
				CLANG_WARN_RANGE_LOOP_ANALYSIS = YES;
				CLANG_WARN_STRICT_PROTOTYPES = YES;
				CLANG_WARN_SUSPICIOUS_MOVE = YES;
				CLANG_WARN_UNGUARDED_AVAILABILITY = YES_AGGRESSIVE;
				CLANG_WARN_UNREACHABLE_CODE = YES;
				CLANG_WARN__DUPLICATE_METHOD_MATCH = YES;
				COPY_PHASE_STRIP = NO;
				DEBUG_INFORMATION_FORMAT = dwarf;
				ENABLE_STRICT_OBJC_MSGSEND = YES;
				ENABLE_TESTABILITY = YES;
				GCC_C_LANGUAGE_STANDARD = gnu11;
				GCC_DYNAMIC_NO_PIC = NO;
				GCC_NO_COMMON_BLOCKS = YES;
				GCC_OPTIMIZATION_LEVEL = 0;
				GCC_PREPROCESSOR_DEFINITIONS = (
					"DEBUG=1",
					"$(inherited)",
				);
				GCC_WARN_64_TO_32_BIT_CONVERSION = YES;
				GCC_WARN_ABOUT_RETURN_TYPE = YES_ERROR;
				GCC_WARN_UNDECLARED_SELECTOR = YES;
				GCC_WARN_UNINITIALIZED_AUTOS = YES_AGGRESSIVE;
				GCC_WARN_UNUSED_FUNCTION = YES;
				GCC_WARN_UNUSED_VARIABLE = YES;
				IPHONEOS_DEPLOYMENT_TARGET = 15.2;
				MTL_ENABLE_DEBUG_INFO = INCLUDE_SOURCE;
				MTL_FAST_MATH = YES;
				ONLY_ACTIVE_ARCH = YES;
				SDKROOT = iphoneos;
				SWIFT_ACTIVE_COMPILATION_CONDITIONS = DEBUG;
				SWIFT_OPTIMIZATION_LEVEL = "-Onone";
			};
			name = Debug;
		};
		BFDF06CF27CC99C40081D021 /* Release */ = {
			isa = XCBuildConfiguration;
			buildSettings = {
				ALWAYS_SEARCH_USER_PATHS = NO;
				CLANG_ANALYZER_NONNULL = YES;
				CLANG_ANALYZER_NUMBER_OBJECT_CONVERSION = YES_AGGRESSIVE;
				CLANG_CXX_LANGUAGE_STANDARD = "gnu++17";
				CLANG_CXX_LIBRARY = "libc++";
				CLANG_ENABLE_MODULES = YES;
				CLANG_ENABLE_OBJC_ARC = YES;
				CLANG_ENABLE_OBJC_WEAK = YES;
				CLANG_WARN_BLOCK_CAPTURE_AUTORELEASING = YES;
				CLANG_WARN_BOOL_CONVERSION = YES;
				CLANG_WARN_COMMA = YES;
				CLANG_WARN_CONSTANT_CONVERSION = YES;
				CLANG_WARN_DEPRECATED_OBJC_IMPLEMENTATIONS = YES;
				CLANG_WARN_DIRECT_OBJC_ISA_USAGE = YES_ERROR;
				CLANG_WARN_DOCUMENTATION_COMMENTS = YES;
				CLANG_WARN_EMPTY_BODY = YES;
				CLANG_WARN_ENUM_CONVERSION = YES;
				CLANG_WARN_INFINITE_RECURSION = YES;
				CLANG_WARN_INT_CONVERSION = YES;
				CLANG_WARN_NON_LITERAL_NULL_CONVERSION = YES;
				CLANG_WARN_OBJC_IMPLICIT_RETAIN_SELF = YES;
				CLANG_WARN_OBJC_LITERAL_CONVERSION = YES;
				CLANG_WARN_OBJC_ROOT_CLASS = YES_ERROR;
				CLANG_WARN_QUOTED_INCLUDE_IN_FRAMEWORK_HEADER = YES;
				CLANG_WARN_RANGE_LOOP_ANALYSIS = YES;
				CLANG_WARN_STRICT_PROTOTYPES = YES;
				CLANG_WARN_SUSPICIOUS_MOVE = YES;
				CLANG_WARN_UNGUARDED_AVAILABILITY = YES_AGGRESSIVE;
				CLANG_WARN_UNREACHABLE_CODE = YES;
				CLANG_WARN__DUPLICATE_METHOD_MATCH = YES;
				COPY_PHASE_STRIP = NO;
				DEBUG_INFORMATION_FORMAT = "dwarf-with-dsym";
				ENABLE_NS_ASSERTIONS = NO;
				ENABLE_STRICT_OBJC_MSGSEND = YES;
				GCC_C_LANGUAGE_STANDARD = gnu11;
				GCC_NO_COMMON_BLOCKS = YES;
				GCC_WARN_64_TO_32_BIT_CONVERSION = YES;
				GCC_WARN_ABOUT_RETURN_TYPE = YES_ERROR;
				GCC_WARN_UNDECLARED_SELECTOR = YES;
				GCC_WARN_UNINITIALIZED_AUTOS = YES_AGGRESSIVE;
				GCC_WARN_UNUSED_FUNCTION = YES;
				GCC_WARN_UNUSED_VARIABLE = YES;
				IPHONEOS_DEPLOYMENT_TARGET = 15.2;
				MTL_ENABLE_DEBUG_INFO = NO;
				MTL_FAST_MATH = YES;
				SDKROOT = iphoneos;
				SWIFT_COMPILATION_MODE = wholemodule;
				SWIFT_OPTIMIZATION_LEVEL = "-O";
				VALIDATE_PRODUCT = YES;
			};
			name = Release;
		};
		BFDF06D127CC99C40081D021 /* Debug */ = {
			isa = XCBuildConfiguration;
			buildSettings = {
				ASSETCATALOG_COMPILER_APPICON_NAME = AppIcon;
				ASSETCATALOG_COMPILER_GLOBAL_ACCENT_COLOR_NAME = AccentColor;
				CODE_SIGN_STYLE = Automatic;
				CURRENT_PROJECT_VERSION = 1;
				DEVELOPMENT_TEAM = T9MD4URZFH;
				GENERATE_INFOPLIST_FILE = YES;
				INFOPLIST_FILE = Checklists/Info.plist;
				INFOPLIST_KEY_UIApplicationSupportsIndirectInputEvents = YES;
				INFOPLIST_KEY_UILaunchStoryboardName = LaunchScreen;
				INFOPLIST_KEY_UIMainStoryboardFile = Main;
				INFOPLIST_KEY_UISupportedInterfaceOrientations = UIInterfaceOrientationPortrait;
				INFOPLIST_KEY_UISupportedInterfaceOrientations_iPad = "UIInterfaceOrientationPortrait UIInterfaceOrientationPortraitUpsideDown UIInterfaceOrientationLandscapeLeft UIInterfaceOrientationLandscapeRight";
				INFOPLIST_KEY_UISupportedInterfaceOrientations_iPhone = "UIInterfaceOrientationPortrait UIInterfaceOrientationLandscapeLeft UIInterfaceOrientationLandscapeRight";
				LD_RUNPATH_SEARCH_PATHS = (
					"$(inherited)",
					"@executable_path/Frameworks",
				);
				MARKETING_VERSION = 1.0;
				PRODUCT_BUNDLE_IDENTIFIER = com.superkookai.Checklists;
				PRODUCT_NAME = "$(TARGET_NAME)";
				SWIFT_EMIT_LOC_STRINGS = YES;
				SWIFT_VERSION = 5.0;
				TARGETED_DEVICE_FAMILY = "1,2";
			};
			name = Debug;
		};
		BFDF06D227CC99C40081D021 /* Release */ = {
			isa = XCBuildConfiguration;
			buildSettings = {
				ASSETCATALOG_COMPILER_APPICON_NAME = AppIcon;
				ASSETCATALOG_COMPILER_GLOBAL_ACCENT_COLOR_NAME = AccentColor;
				CODE_SIGN_STYLE = Automatic;
				CURRENT_PROJECT_VERSION = 1;
				DEVELOPMENT_TEAM = T9MD4URZFH;
				GENERATE_INFOPLIST_FILE = YES;
				INFOPLIST_FILE = Checklists/Info.plist;
				INFOPLIST_KEY_UIApplicationSupportsIndirectInputEvents = YES;
				INFOPLIST_KEY_UILaunchStoryboardName = LaunchScreen;
				INFOPLIST_KEY_UIMainStoryboardFile = Main;
				INFOPLIST_KEY_UISupportedInterfaceOrientations = UIInterfaceOrientationPortrait;
				INFOPLIST_KEY_UISupportedInterfaceOrientations_iPad = "UIInterfaceOrientationPortrait UIInterfaceOrientationPortraitUpsideDown UIInterfaceOrientationLandscapeLeft UIInterfaceOrientationLandscapeRight";
				INFOPLIST_KEY_UISupportedInterfaceOrientations_iPhone = "UIInterfaceOrientationPortrait UIInterfaceOrientationLandscapeLeft UIInterfaceOrientationLandscapeRight";
				LD_RUNPATH_SEARCH_PATHS = (
					"$(inherited)",
					"@executable_path/Frameworks",
				);
				MARKETING_VERSION = 1.0;
				PRODUCT_BUNDLE_IDENTIFIER = com.superkookai.Checklists;
				PRODUCT_NAME = "$(TARGET_NAME)";
				SWIFT_EMIT_LOC_STRINGS = YES;
				SWIFT_VERSION = 5.0;
				TARGETED_DEVICE_FAMILY = "1,2";
			};
			name = Release;
		};
/* End XCBuildConfiguration section */

/* Begin XCConfigurationList section */
		BFDF06B727CC99C40081D021 /* Build configuration list for PBXProject "Checklists" */ = {
			isa = XCConfigurationList;
			buildConfigurations = (
				BFDF06CE27CC99C40081D021 /* Debug */,
				BFDF06CF27CC99C40081D021 /* Release */,
			);
			defaultConfigurationIsVisible = 0;
			defaultConfigurationName = Release;
		};
		BFDF06D027CC99C40081D021 /* Build configuration list for PBXNativeTarget "Checklists" */ = {
			isa = XCConfigurationList;
			buildConfigurations = (
				BFDF06D127CC99C40081D021 /* Debug */,
				BFDF06D227CC99C40081D021 /* Release */,
			);
			defaultConfigurationIsVisible = 0;
			defaultConfigurationName = Release;
		};
/* End XCConfigurationList section */
	};
	rootObject = BFDF06B427CC99C40081D021 /* Project object */;
}
